// !$*UTF8*$!
{
	archiveVersion = 1;
	classes = {
	};
	objectVersion = 46;
	objects = {

/* Begin PBXBuildFile section */
		3C4670BE1CE0C5AA00AF10B8 /* LastfmSimilarArtist.swift in Sources */ = {isa = PBXBuildFile; fileRef = 3C4670BD1CE0C5AA00AF10B8 /* LastfmSimilarArtist.swift */; };
		3C5866331CE66E95003856AA /* iTunes.swift in Sources */ = {isa = PBXBuildFile; fileRef = 3C5866321CE66E95003856AA /* iTunes.swift */; };
		3CA086191CDDCEA500504387 /* AppDelegate.swift in Sources */ = {isa = PBXBuildFile; fileRef = 3CA086181CDDCEA500504387 /* AppDelegate.swift */; };
		3CA0861B1CDDCEA500504387 /* ViewController.swift in Sources */ = {isa = PBXBuildFile; fileRef = 3CA0861A1CDDCEA500504387 /* ViewController.swift */; };
		3CA0861E1CDDCEA500504387 /* Main.storyboard in Resources */ = {isa = PBXBuildFile; fileRef = 3CA0861C1CDDCEA500504387 /* Main.storyboard */; };
		3CA086201CDDCEA500504387 /* Assets.xcassets in Resources */ = {isa = PBXBuildFile; fileRef = 3CA0861F1CDDCEA500504387 /* Assets.xcassets */; };
		3CA086231CDDCEA500504387 /* LaunchScreen.storyboard in Resources */ = {isa = PBXBuildFile; fileRef = 3CA086211CDDCEA500504387 /* LaunchScreen.storyboard */; };
		3CA0862E1CDDCEA500504387 /* DiggTests.swift in Sources */ = {isa = PBXBuildFile; fileRef = 3CA0862D1CDDCEA500504387 /* DiggTests.swift */; };
		3CA0863A1CDF672500504387 /* Lastfm.swift in Sources */ = {isa = PBXBuildFile; fileRef = 3CA086391CDF672500504387 /* Lastfm.swift */; };
		3CA0863C1CDF748B00504387 /* LastfmSimilarTrack.swift in Sources */ = {isa = PBXBuildFile; fileRef = 3CA0863B1CDF748B00504387 /* LastfmSimilarTrack.swift */; };
		3CAFF4DE1CE8C55100E4ED8E /* iTunesAlbum.swift in Sources */ = {isa = PBXBuildFile; fileRef = 3CAFF4DD1CE8C55100E4ED8E /* iTunesAlbum.swift */; };
		93D882B0C3474E840B02631C /* Pods_Digg.framework in Frameworks */ = {isa = PBXBuildFile; fileRef = E7106EF9AB356B713E483A4C /* Pods_Digg.framework */; };
/* End PBXBuildFile section */

/* Begin PBXContainerItemProxy section */
		3CA0862A1CDDCEA500504387 /* PBXContainerItemProxy */ = {
			isa = PBXContainerItemProxy;
			containerPortal = 3CA0860D1CDDCEA400504387 /* Project object */;
			proxyType = 1;
			remoteGlobalIDString = 3CA086141CDDCEA500504387;
			remoteInfo = Digg;
		};
/* End PBXContainerItemProxy section */

/* Begin PBXFileReference section */
		3C4670BD1CE0C5AA00AF10B8 /* LastfmSimilarArtist.swift */ = {isa = PBXFileReference; fileEncoding = 4; lastKnownFileType = sourcecode.swift; path = LastfmSimilarArtist.swift; sourceTree = "<group>"; };
		3C5866321CE66E95003856AA /* iTunes.swift */ = {isa = PBXFileReference; fileEncoding = 4; lastKnownFileType = sourcecode.swift; path = iTunes.swift; sourceTree = "<group>"; };
		3CA086151CDDCEA500504387 /* Digg.app */ = {isa = PBXFileReference; explicitFileType = wrapper.application; includeInIndex = 0; path = Digg.app; sourceTree = BUILT_PRODUCTS_DIR; };
		3CA086181CDDCEA500504387 /* AppDelegate.swift */ = {isa = PBXFileReference; lastKnownFileType = sourcecode.swift; path = AppDelegate.swift; sourceTree = "<group>"; };
		3CA0861A1CDDCEA500504387 /* ViewController.swift */ = {isa = PBXFileReference; lastKnownFileType = sourcecode.swift; path = ViewController.swift; sourceTree = "<group>"; };
		3CA0861D1CDDCEA500504387 /* Base */ = {isa = PBXFileReference; lastKnownFileType = file.storyboard; name = Base; path = Base.lproj/Main.storyboard; sourceTree = "<group>"; };
		3CA0861F1CDDCEA500504387 /* Assets.xcassets */ = {isa = PBXFileReference; lastKnownFileType = folder.assetcatalog; path = Assets.xcassets; sourceTree = "<group>"; };
		3CA086221CDDCEA500504387 /* Base */ = {isa = PBXFileReference; lastKnownFileType = file.storyboard; name = Base; path = Base.lproj/LaunchScreen.storyboard; sourceTree = "<group>"; };
		3CA086241CDDCEA500504387 /* Info.plist */ = {isa = PBXFileReference; lastKnownFileType = text.plist.xml; path = Info.plist; sourceTree = "<group>"; };
		3CA086291CDDCEA500504387 /* DiggTests.xctest */ = {isa = PBXFileReference; explicitFileType = wrapper.cfbundle; includeInIndex = 0; path = DiggTests.xctest; sourceTree = BUILT_PRODUCTS_DIR; };
		3CA0862D1CDDCEA500504387 /* DiggTests.swift */ = {isa = PBXFileReference; lastKnownFileType = sourcecode.swift; path = DiggTests.swift; sourceTree = "<group>"; };
		3CA0862F1CDDCEA500504387 /* Info.plist */ = {isa = PBXFileReference; lastKnownFileType = text.plist.xml; path = Info.plist; sourceTree = "<group>"; };
		3CA086391CDF672500504387 /* Lastfm.swift */ = {isa = PBXFileReference; fileEncoding = 4; lastKnownFileType = sourcecode.swift; path = Lastfm.swift; sourceTree = "<group>"; };
		3CA0863B1CDF748B00504387 /* LastfmSimilarTrack.swift */ = {isa = PBXFileReference; fileEncoding = 4; lastKnownFileType = sourcecode.swift; path = LastfmSimilarTrack.swift; sourceTree = "<group>"; };
		3CAFF4DD1CE8C55100E4ED8E /* iTunesAlbum.swift */ = {isa = PBXFileReference; fileEncoding = 4; lastKnownFileType = sourcecode.swift; path = iTunesAlbum.swift; sourceTree = "<group>"; };
		9DC737873FC80ADDCECDA84F /* Pods-Digg.release.xcconfig */ = {isa = PBXFileReference; includeInIndex = 1; lastKnownFileType = text.xcconfig; name = "Pods-Digg.release.xcconfig"; path = "Pods/Target Support Files/Pods-Digg/Pods-Digg.release.xcconfig"; sourceTree = "<group>"; };
		C0E2BCB0AD44BA2D886FEFDC /* Pods-Digg.debug.xcconfig */ = {isa = PBXFileReference; includeInIndex = 1; lastKnownFileType = text.xcconfig; name = "Pods-Digg.debug.xcconfig"; path = "Pods/Target Support Files/Pods-Digg/Pods-Digg.debug.xcconfig"; sourceTree = "<group>"; };
		E7106EF9AB356B713E483A4C /* Pods_Digg.framework */ = {isa = PBXFileReference; explicitFileType = wrapper.framework; includeInIndex = 0; path = Pods_Digg.framework; sourceTree = BUILT_PRODUCTS_DIR; };
/* End PBXFileReference section */

/* Begin PBXFrameworksBuildPhase section */
		3CA086121CDDCEA500504387 /* Frameworks */ = {
			isa = PBXFrameworksBuildPhase;
			buildActionMask = 2147483647;
			files = (
				93D882B0C3474E840B02631C /* Pods_Digg.framework in Frameworks */,
			);
			runOnlyForDeploymentPostprocessing = 0;
		};
		3CA086261CDDCEA500504387 /* Frameworks */ = {
			isa = PBXFrameworksBuildPhase;
			buildActionMask = 2147483647;
			files = (
			);
			runOnlyForDeploymentPostprocessing = 0;
		};
/* End PBXFrameworksBuildPhase section */

/* Begin PBXGroup section */
		3CA0860C1CDDCEA400504387 = {
			isa = PBXGroup;
			children = (
				3CA086171CDDCEA500504387 /* Digg */,
				3CA0862C1CDDCEA500504387 /* DiggTests */,
				3CA086161CDDCEA500504387 /* Products */,
				E32D0F93056497C73876CB29 /* Pods */,
				F8CD4515313DF34FDCB32343 /* Frameworks */,
			);
			sourceTree = "<group>";
		};
		3CA086161CDDCEA500504387 /* Products */ = {
			isa = PBXGroup;
			children = (
				3CA086151CDDCEA500504387 /* Digg.app */,
				3CA086291CDDCEA500504387 /* DiggTests.xctest */,
			);
			name = Products;
			sourceTree = "<group>";
		};
		3CA086171CDDCEA500504387 /* Digg */ = {
			isa = PBXGroup;
			children = (
				3CA086381CDF669700504387 /* Model */,
				3CA086181CDDCEA500504387 /* AppDelegate.swift */,
				3CA0861A1CDDCEA500504387 /* ViewController.swift */,
				3CA0861C1CDDCEA500504387 /* Main.storyboard */,
				3CA0861F1CDDCEA500504387 /* Assets.xcassets */,
				3CA086211CDDCEA500504387 /* LaunchScreen.storyboard */,
				3CA086241CDDCEA500504387 /* Info.plist */,
			);
			path = Digg;
			sourceTree = "<group>";
		};
		3CA0862C1CDDCEA500504387 /* DiggTests */ = {
			isa = PBXGroup;
			children = (
				3CA0862D1CDDCEA500504387 /* DiggTests.swift */,
				3CA0862F1CDDCEA500504387 /* Info.plist */,
			);
			path = DiggTests;
			sourceTree = "<group>";
		};
		3CA086381CDF669700504387 /* Model */ = {
			isa = PBXGroup;
			children = (
				3CA086391CDF672500504387 /* Lastfm.swift */,
				3C5866321CE66E95003856AA /* iTunes.swift */,
				3CA0863B1CDF748B00504387 /* LastfmSimilarTrack.swift */,
				3C4670BD1CE0C5AA00AF10B8 /* LastfmSimilarArtist.swift */,
				3CAFF4DD1CE8C55100E4ED8E /* iTunesAlbum.swift */,
			);
			path = Model;
			sourceTree = "<group>";
		};
		E32D0F93056497C73876CB29 /* Pods */ = {
			isa = PBXGroup;
			children = (
				C0E2BCB0AD44BA2D886FEFDC /* Pods-Digg.debug.xcconfig */,
				9DC737873FC80ADDCECDA84F /* Pods-Digg.release.xcconfig */,
			);
			name = Pods;
			sourceTree = "<group>";
		};
		F8CD4515313DF34FDCB32343 /* Frameworks */ = {
			isa = PBXGroup;
			children = (
				E7106EF9AB356B713E483A4C /* Pods_Digg.framework */,
			);
			name = Frameworks;
			sourceTree = "<group>";
		};
/* End PBXGroup section */

/* Begin PBXNativeTarget section */
		3CA086141CDDCEA500504387 /* Digg */ = {
			isa = PBXNativeTarget;
			buildConfigurationList = 3CA086321CDDCEA500504387 /* Build configuration list for PBXNativeTarget "Digg" */;
			buildPhases = (
				6124242D50C6EA9E0FB10C00 /* Check Pods Manifest.lock */,
				3CA086111CDDCEA500504387 /* Sources */,
				3CA086121CDDCEA500504387 /* Frameworks */,
				3CA086131CDDCEA500504387 /* Resources */,
				DBE180A6428302D163085947 /* Embed Pods Frameworks */,
				BEC55E9E5A43F1064EE145F2 /* Copy Pods Resources */,
			);
			buildRules = (
			);
			dependencies = (
			);
			name = Digg;
			productName = Digg;
			productReference = 3CA086151CDDCEA500504387 /* Digg.app */;
			productType = "com.apple.product-type.application";
		};
		3CA086281CDDCEA500504387 /* DiggTests */ = {
			isa = PBXNativeTarget;
			buildConfigurationList = 3CA086351CDDCEA500504387 /* Build configuration list for PBXNativeTarget "DiggTests" */;
			buildPhases = (
				3CA086251CDDCEA500504387 /* Sources */,
				3CA086261CDDCEA500504387 /* Frameworks */,
				3CA086271CDDCEA500504387 /* Resources */,
			);
			buildRules = (
			);
			dependencies = (
				3CA0862B1CDDCEA500504387 /* PBXTargetDependency */,
			);
			name = DiggTests;
			productName = DiggTests;
			productReference = 3CA086291CDDCEA500504387 /* DiggTests.xctest */;
			productType = "com.apple.product-type.bundle.unit-test";
		};
/* End PBXNativeTarget section */

/* Begin PBXProject section */
		3CA0860D1CDDCEA400504387 /* Project object */ = {
			isa = PBXProject;
			attributes = {
				LastSwiftUpdateCheck = 0730;
				LastUpgradeCheck = 0730;
				ORGANIZATIONNAME = "Hanawa Takuro";
				TargetAttributes = {
					3CA086141CDDCEA500504387 = {
						CreatedOnToolsVersion = 7.3;
						DevelopmentTeam = KZUM5X62QG;
					};
					3CA086281CDDCEA500504387 = {
						CreatedOnToolsVersion = 7.3;
						TestTargetID = 3CA086141CDDCEA500504387;
					};
				};
			};
			buildConfigurationList = 3CA086101CDDCEA400504387 /* Build configuration list for PBXProject "Digg" */;
			compatibilityVersion = "Xcode 3.2";
			developmentRegion = English;
			hasScannedForEncodings = 0;
			knownRegions = (
				en,
				Base,
			);
			mainGroup = 3CA0860C1CDDCEA400504387;
			productRefGroup = 3CA086161CDDCEA500504387 /* Products */;
			projectDirPath = "";
			projectRoot = "";
			targets = (
				3CA086141CDDCEA500504387 /* Digg */,
				3CA086281CDDCEA500504387 /* DiggTests */,
			);
		};
/* End PBXProject section */

/* Begin PBXResourcesBuildPhase section */
		3CA086131CDDCEA500504387 /* Resources */ = {
			isa = PBXResourcesBuildPhase;
			buildActionMask = 2147483647;
			files = (
				3CA086231CDDCEA500504387 /* LaunchScreen.storyboard in Resources */,
				3CA086201CDDCEA500504387 /* Assets.xcassets in Resources */,
				3CA0861E1CDDCEA500504387 /* Main.storyboard in Resources */,
			);
			runOnlyForDeploymentPostprocessing = 0;
		};
		3CA086271CDDCEA500504387 /* Resources */ = {
			isa = PBXResourcesBuildPhase;
			buildActionMask = 2147483647;
			files = (
			);
			runOnlyForDeploymentPostprocessing = 0;
		};
/* End PBXResourcesBuildPhase section */

/* Begin PBXShellScriptBuildPhase section */
		6124242D50C6EA9E0FB10C00 /* Check Pods Manifest.lock */ = {
			isa = PBXShellScriptBuildPhase;
			buildActionMask = 2147483647;
			files = (
			);
			inputPaths = (
			);
			name = "Check Pods Manifest.lock";
			outputPaths = (
			);
			runOnlyForDeploymentPostprocessing = 0;
			shellPath = /bin/sh;
			shellScript = "diff \"${PODS_ROOT}/../Podfile.lock\" \"${PODS_ROOT}/Manifest.lock\" > /dev/null\nif [[ $? != 0 ]] ; then\n    cat << EOM\nerror: The sandbox is not in sync with the Podfile.lock. Run 'pod install' or update your CocoaPods installation.\nEOM\n    exit 1\nfi\n";
			showEnvVarsInLog = 0;
		};
		BEC55E9E5A43F1064EE145F2 /* Copy Pods Resources */ = {
			isa = PBXShellScriptBuildPhase;
			buildActionMask = 2147483647;
			files = (
			);
			inputPaths = (
			);
			name = "Copy Pods Resources";
			outputPaths = (
			);
			runOnlyForDeploymentPostprocessing = 0;
			shellPath = /bin/sh;
			shellScript = "\"${SRCROOT}/Pods/Target Support Files/Pods-Digg/Pods-Digg-resources.sh\"\n";
			showEnvVarsInLog = 0;
		};
		DBE180A6428302D163085947 /* Embed Pods Frameworks */ = {
			isa = PBXShellScriptBuildPhase;
			buildActionMask = 2147483647;
			files = (
			);
			inputPaths = (
			);
			name = "Embed Pods Frameworks";
			outputPaths = (
			);
			runOnlyForDeploymentPostprocessing = 0;
			shellPath = /bin/sh;
			shellScript = "\"${SRCROOT}/Pods/Target Support Files/Pods-Digg/Pods-Digg-frameworks.sh\"\n";
			showEnvVarsInLog = 0;
		};
/* End PBXShellScriptBuildPhase section */

/* Begin PBXSourcesBuildPhase section */
		3CA086111CDDCEA500504387 /* Sources */ = {
			isa = PBXSourcesBuildPhase;
			buildActionMask = 2147483647;
			files = (
				3CA0861B1CDDCEA500504387 /* ViewController.swift in Sources */,
				3C5866331CE66E95003856AA /* iTunes.swift in Sources */,
				3CA0863A1CDF672500504387 /* Lastfm.swift in Sources */,
				3CA0863C1CDF748B00504387 /* LastfmSimilarTrack.swift in Sources */,
				3C4670BE1CE0C5AA00AF10B8 /* LastfmSimilarArtist.swift in Sources */,
				3CAFF4DE1CE8C55100E4ED8E /* iTunesAlbum.swift in Sources */,
				3CA086191CDDCEA500504387 /* AppDelegate.swift in Sources */,
			);
			runOnlyForDeploymentPostprocessing = 0;
		};
		3CA086251CDDCEA500504387 /* Sources */ = {
			isa = PBXSourcesBuildPhase;
			buildActionMask = 2147483647;
			files = (
				3CA0862E1CDDCEA500504387 /* DiggTests.swift in Sources */,
			);
			runOnlyForDeploymentPostprocessing = 0;
		};
/* End PBXSourcesBuildPhase section */

/* Begin PBXTargetDependency section */
		3CA0862B1CDDCEA500504387 /* PBXTargetDependency */ = {
			isa = PBXTargetDependency;
			target = 3CA086141CDDCEA500504387 /* Digg */;
			targetProxy = 3CA0862A1CDDCEA500504387 /* PBXContainerItemProxy */;
		};
/* End PBXTargetDependency section */

/* Begin PBXVariantGroup section */
		3CA0861C1CDDCEA500504387 /* Main.storyboard */ = {
			isa = PBXVariantGroup;
			children = (
				3CA0861D1CDDCEA500504387 /* Base */,
			);
			name = Main.storyboard;
			sourceTree = "<group>";
		};
		3CA086211CDDCEA500504387 /* LaunchScreen.storyboard */ = {
			isa = PBXVariantGroup;
			children = (
				3CA086221CDDCEA500504387 /* Base */,
			);
			name = LaunchScreen.storyboard;
			sourceTree = "<group>";
		};
/* End PBXVariantGroup section */

/* Begin XCBuildConfiguration section */
		3CA086301CDDCEA500504387 /* Debug */ = {
			isa = XCBuildConfiguration;
			buildSettings = {
				ALWAYS_SEARCH_USER_PATHS = NO;
				CLANG_ANALYZER_NONNULL = YES;
				CLANG_CXX_LANGUAGE_STANDARD = "gnu++0x";
				CLANG_CXX_LIBRARY = "libc++";
				CLANG_ENABLE_MODULES = YES;
				CLANG_ENABLE_OBJC_ARC = YES;
				CLANG_WARN_BOOL_CONVERSION = YES;
				CLANG_WARN_CONSTANT_CONVERSION = YES;
				CLANG_WARN_DIRECT_OBJC_ISA_USAGE = YES_ERROR;
				CLANG_WARN_EMPTY_BODY = YES;
				CLANG_WARN_ENUM_CONVERSION = YES;
				CLANG_WARN_INT_CONVERSION = YES;
				CLANG_WARN_OBJC_ROOT_CLASS = YES_ERROR;
				CLANG_WARN_UNREACHABLE_CODE = YES;
				CLANG_WARN__DUPLICATE_METHOD_MATCH = YES;
				"CODE_SIGN_IDENTITY[sdk=iphoneos*]" = "iPhone Developer";
				COPY_PHASE_STRIP = NO;
				DEBUG_INFORMATION_FORMAT = dwarf;
				ENABLE_STRICT_OBJC_MSGSEND = YES;
				ENABLE_TESTABILITY = YES;
				GCC_C_LANGUAGE_STANDARD = gnu99;
				GCC_DYNAMIC_NO_PIC = NO;
				GCC_NO_COMMON_BLOCKS = YES;
				GCC_OPTIMIZATION_LEVEL = 0;
				GCC_PREPROCESSOR_DEFINITIONS = (
					"DEBUG=1",
					"$(inherited)",
				);
				GCC_WARN_64_TO_32_BIT_CONVERSION = YES;
				GCC_WARN_ABOUT_RETURN_TYPE = YES_ERROR;
				GCC_WARN_UNDECLARED_SELECTOR = YES;
				GCC_WARN_UNINITIALIZED_AUTOS = YES_AGGRESSIVE;
				GCC_WARN_UNUSED_FUNCTION = YES;
				GCC_WARN_UNUSED_VARIABLE = YES;
				IPHONEOS_DEPLOYMENT_TARGET = 9.3;
				MTL_ENABLE_DEBUG_INFO = YES;
				ONLY_ACTIVE_ARCH = YES;
				SDKROOT = iphoneos;
				SWIFT_OPTIMIZATION_LEVEL = "-Onone";
			};
			name = Debug;
		};
		3CA086311CDDCEA500504387 /* Release */ = {
			isa = XCBuildConfiguration;
			buildSettings = {
				ALWAYS_SEARCH_USER_PATHS = NO;
				CLANG_ANALYZER_NONNULL = YES;
				CLANG_CXX_LANGUAGE_STANDARD = "gnu++0x";
				CLANG_CXX_LIBRARY = "libc++";
				CLANG_ENABLE_MODULES = YES;
				CLANG_ENABLE_OBJC_ARC = YES;
				CLANG_WARN_BOOL_CONVERSION = YES;
				CLANG_WARN_CONSTANT_CONVERSION = YES;
				CLANG_WARN_DIRECT_OBJC_ISA_USAGE = YES_ERROR;
				CLANG_WARN_EMPTY_BODY = YES;
				CLANG_WARN_ENUM_CONVERSION = YES;
				CLANG_WARN_INT_CONVERSION = YES;
				CLANG_WARN_OBJC_ROOT_CLASS = YES_ERROR;
				CLANG_WARN_UNREACHABLE_CODE = YES;
				CLANG_WARN__DUPLICATE_METHOD_MATCH = YES;
				"CODE_SIGN_IDENTITY[sdk=iphoneos*]" = "iPhone Developer";
				COPY_PHASE_STRIP = NO;
				DEBUG_INFORMATION_FORMAT = "dwarf-with-dsym";
				ENABLE_NS_ASSERTIONS = NO;
				ENABLE_STRICT_OBJC_MSGSEND = YES;
				GCC_C_LANGUAGE_STANDARD = gnu99;
				GCC_NO_COMMON_BLOCKS = YES;
				GCC_WARN_64_TO_32_BIT_CONVERSION = YES;
				GCC_WARN_ABOUT_RETURN_TYPE = YES_ERROR;
				GCC_WARN_UNDECLARED_SELECTOR = YES;
				GCC_WARN_UNINITIALIZED_AUTOS = YES_AGGRESSIVE;
				GCC_WARN_UNUSED_FUNCTION = YES;
				GCC_WARN_UNUSED_VARIABLE = YES;
				IPHONEOS_DEPLOYMENT_TARGET = 9.3;
				MTL_ENABLE_DEBUG_INFO = NO;
				SDKROOT = iphoneos;
				VALIDATE_PRODUCT = YES;
			};
			name = Release;
		};
		3CA086331CDDCEA500504387 /* Debug */ = {
			isa = XCBuildConfiguration;
			baseConfigurationReference = C0E2BCB0AD44BA2D886FEFDC /* Pods-Digg.debug.xcconfig */;
			buildSettings = {
				ASSETCATALOG_COMPILER_APPICON_NAME = AppIcon;
				CODE_SIGN_IDENTITY = "iPhone Developer";
				"CODE_SIGN_IDENTITY[sdk=iphoneos*]" = "iPhone Developer";
				INFOPLIST_FILE = Digg/Info.plist;
				LD_RUNPATH_SEARCH_PATHS = "$(inherited) @executable_path/Frameworks";
				PRODUCT_BUNDLE_IDENTIFIER = "jp.next-group-HanawaTakuro.Digg";
				PRODUCT_NAME = "$(TARGET_NAME)";
				PROVISIONING_PROFILE = "";
			};
			name = Debug;
		};
		3CA086341CDDCEA500504387 /* Release */ = {
			isa = XCBuildConfiguration;
			baseConfigurationReference = 9DC737873FC80ADDCECDA84F /* Pods-Digg.release.xcconfig */;
			buildSettings = {
				ASSETCATALOG_COMPILER_APPICON_NAME = AppIcon;
				CODE_SIGN_IDENTITY = "iPhone Developer";
				"CODE_SIGN_IDENTITY[sdk=iphoneos*]" = "iPhone Developer";
				INFOPLIST_FILE = Digg/Info.plist;
				LD_RUNPATH_SEARCH_PATHS = "$(inherited) @executable_path/Frameworks";
				PRODUCT_BUNDLE_IDENTIFIER = "jp.next-group-HanawaTakuro.Digg";
				PRODUCT_NAME = "$(TARGET_NAME)";
				PROVISIONING_PROFILE = "";
			};
			name = Release;
		};
		3CA086361CDDCEA500504387 /* Debug */ = {
			isa = XCBuildConfiguration;
			buildSettings = {
				BUNDLE_LOADER = "$(TEST_HOST)";
				INFOPLIST_FILE = DiggTests/Info.plist;
				LD_RUNPATH_SEARCH_PATHS = "$(inherited) @executable_path/Frameworks @loader_path/Frameworks";
				PRODUCT_BUNDLE_IDENTIFIER = "jp.next-group-HanawaTakuro.DiggTests";
				PRODUCT_NAME = "$(TARGET_NAME)";
				TEST_HOST = "$(BUILT_PRODUCTS_DIR)/Digg.app/Digg";
			};
			name = Debug;
		};
		3CA086371CDDCEA500504387 /* Release */ = {
			isa = XCBuildConfiguration;
			buildSettings = {
				BUNDLE_LOADER = "$(TEST_HOST)";
				INFOPLIST_FILE = DiggTests/Info.plist;
				LD_RUNPATH_SEARCH_PATHS = "$(inherited) @executable_path/Frameworks @loader_path/Frameworks";
				PRODUCT_BUNDLE_IDENTIFIER = "jp.next-group-HanawaTakuro.DiggTests";
				PRODUCT_NAME = "$(TARGET_NAME)";
				TEST_HOST = "$(BUILT_PRODUCTS_DIR)/Digg.app/Digg";
			};
			name = Release;
		};
/* End XCBuildConfiguration section */

/* Begin XCConfigurationList section */
		3CA086101CDDCEA400504387 /* Build configuration list for PBXProject "Digg" */ = {
			isa = XCConfigurationList;
			buildConfigurations = (
				3CA086301CDDCEA500504387 /* Debug */,
				3CA086311CDDCEA500504387 /* Release */,
			);
			defaultConfigurationIsVisible = 0;
			defaultConfigurationName = Release;
		};
		3CA086321CDDCEA500504387 /* Build configuration list for PBXNativeTarget "Digg" */ = {
			isa = XCConfigurationList;
			buildConfigurations = (
				3CA086331CDDCEA500504387 /* Debug */,
				3CA086341CDDCEA500504387 /* Release */,
			);
			defaultConfigurationIsVisible = 0;
			defaultConfigurationName = Release;
		};
		3CA086351CDDCEA500504387 /* Build configuration list for PBXNativeTarget "DiggTests" */ = {
			isa = XCConfigurationList;
			buildConfigurations = (
				3CA086361CDDCEA500504387 /* Debug */,
				3CA086371CDDCEA500504387 /* Release */,
			);
			defaultConfigurationIsVisible = 0;
			defaultConfigurationName = Release;
		};
/* End XCConfigurationList section */
	};
	rootObject = 3CA0860D1CDDCEA400504387 /* Project object */;
}
